{
  "name": "littlepoppin-store",
  "version": "1.0.0",
  "lockfileVersion": 3,
  "requires": true,
  "packages": {
    "": {
      "name": "littlepoppin-store",
      "version": "1.0.0",
      "dependencies": {
        "stripe": "^22.2.3"
      }
    },
    "node_modules/stripe": {
      "version": "22.2.3",
      "resolved": "https://registry.npmjs.org/stripe/-/stripe-22.2.3.tgz",
      "integrity": "sha512-9lrggvLtjO4Ef5WXH4t50ckHJcJgTD72xFB+KJgZCSszAH9zMV1BqU6PwmWbRLdcdX7LK6PbErBapiGK7pIb+g==",
      "license": "MIT",
      "engines": {
        "node": ">=18"
      },
      "peerDependencies": {
        "@types/node": ">=18"
      },
      "peerDependenciesMeta": {
        "@types/node": {
          "optional": true
        }
      }
    }
  }
}
